
Microsoft Visual Studio Solution File, Format Version 12.00
# Visual Studio Version 16
VisualStudioVersion = 16.0.30621.155
MinimumVisualStudioVersion = 10.0.40219.1
Project("{FAE04EC0-301F-11D3-BF4B-00C04F79EFBC}") = "WpfApp20", "WpfApp20\WpfApp20.csproj", "{FF73A73C-B721-40CF-B191-DA8A4E4F282A}"
EndProject
Global
	GlobalSection(SolutionConfigurationPlatforms) = preSolution
		Debug|Any CPU = Debug|Any CPU
		Release|Any CPU = Release|Any CPU
	EndGlobalSection
	GlobalSection(ProjectConfigurationPlatforms) = postSolution
		{FF73A73C-B721-40CF-B191-DA8A4E4F282A}.Debug|Any CPU.ActiveCfg = Debug|Any CPU
		{FF73A73C-B721-40CF-B191-DA8A4E4F282A}.Debug|Any CPU.Build.0 = Debug|Any CPU
		{FF73A73C-B721-40CF-B191-DA8A4E4F282A}.Release|Any CPU.ActiveCfg = Release|Any CPU
		{FF73A73C-B721-40CF-B191-DA8A4E4F282A}.Release|Any CPU.Build.0 = Release|Any CPU
	EndGlobalSection
	GlobalSection(SolutionProperties) = preSolution
		HideSolutionNode = FALSE
	EndGlobalSection
	GlobalSection(ExtensibilityGlobals) = postSolution
		SolutionGuid = {1D3D108A-7B7C-45B0-A13C-3410B2271564}
	EndGlobalSection
EndGlobal
